{
  "requires": true,
  "lockfileVersion": 1,
  "dependencies": {
    "atoa": {
      "version": "1.0.0",
      "resolved": "https://registry.npmjs.org/atoa/-/atoa-1.0.0.tgz",
      "integrity": "sha1-DMDpGkgOc4+SPrwQNnZHF3mzSkk="
    },
    "contra": {
      "version": "1.9.4",
      "resolved": "https://registry.npmjs.org/contra/-/contra-1.9.4.tgz",
      "integrity": "sha1-9TveQtfltZhcrk2ZqNYQUm3o8o0=",
      "requires": {
        "atoa": "1.0.0",
        "ticky": "1.0.1"
      }
    },
    "crossvent": {
      "version": "1.5.4",
      "resolved": "https://registry.npmjs.org/crossvent/-/crossvent-1.5.4.tgz",
      "integrity": "sha1-2ixPj0DJR4JRe/K+7BBEFIGUq5I=",
      "requires": {
        "custom-event": "1.0.0"
      }
    },
    "custom-event": {
      "version": "1.0.0",
      "resolved": "https://registry.npmjs.org/custom-event/-/custom-event-1.0.0.tgz",
      "integrity": "sha1-LkYovhncSyFLXAJjDFlx6BFhgGI="
    },
    "dragula": {
      "version": "3.7.2",
      "resolved": "https://registry.npmjs.org/dragula/-/dragula-3.7.2.tgz",
      "integrity": "sha1-SjXJ05gf+sGpScKcpyhQWOhzk84=",
      "requires": {
        "contra": "1.9.4",
        "crossvent": "1.5.4"
      }
    },
    "ecstatic": {
      "version": "3.2.0",
      "resolved": "https://registry.npmjs.org/ecstatic/-/ecstatic-3.2.0.tgz",
      "integrity": "sha512-Goilx/2cfU9vvfQjgtNgc2VmJAD8CasQ6rZDqCd2u4Hsyd/qFET6nBf60jiHodevR3nl3IGzNKtrzPXWP88utQ==",
      "requires": {
        "he": "1.1.1",
        "mime": "1.6.0",
        "minimist": "1.2.0",
        "url-join": "2.0.5"
      }
    },
    "he": {
      "version": "1.1.1",
      "resolved": "https://registry.npmjs.org/he/-/he-1.1.1.tgz",
      "integrity": "sha1-k0EP0hsAlzUVH4howvJx80J+I/0="
    },
    "mime": {
      "version": "1.6.0",
      "resolved": "https://registry.npmjs.org/mime/-/mime-1.6.0.tgz",
      "integrity": "sha512-x0Vn8spI+wuJ1O6S7gnbaQg8Pxh4NNHb7KSINmEWKiPE4RKOplvijn+NkmYmmRgP68mc70j2EbeTFRsrswaQeg=="
    },
    "minimist": {
      "version": "1.2.0",
      "resolved": "https://registry.npmjs.org/minimist/-/minimist-1.2.0.tgz",
      "integrity": "sha1-o1AIsg9BOD7sH7kU9M1d95omQoQ="
    },
    "pizzicato": {
      "version": "0.6.3",
      "resolved": "https://registry.npmjs.org/pizzicato/-/pizzicato-0.6.3.tgz",
      "integrity": "sha1-trCgoD1AtDwuwlmCWX31sxPS3J4="
    },
    "ticky": {
      "version": "1.0.1",
      "resolved": "https://registry.npmjs.org/ticky/-/ticky-1.0.1.tgz",
      "integrity": "sha1-t8+nHnaPHJAAxJe5FRswlHxQ5G0="
    },
    "url-join": {
      "version": "2.0.5",
      "resolved": "https://registry.npmjs.org/url-join/-/url-join-2.0.5.tgz",
      "integrity": "sha1-WvIvGMBSoACkjXuCxenC4v7tpyg="
    }
  }
}
